
Microsoft Visual Studio Solution File, Format Version 11.0
# Visual Studio 2010
Project("{FAE04EC0-301F-11D3-BF4B-00C04F79EFBC}") = "UnityVS.SpringProject_2014.CSharp", "UnityVS.SpringProject_2014.CSharp.csproj", "{03F620FB-87C8-6D8F-7918-211E32373E45}"
EndProject
Project("{FAE04EC0-301F-11D3-BF4B-00C04F79EFBC}") = "UnityVS.SpringProject_2014.CSharp.Editor", "UnityVS.SpringProject_2014.CSharp.Editor.csproj", "{743E6EB4-DC4F-19FA-EF7E-B2536A087510}"
EndProject
Global
	GlobalSection(SolutionConfigurationPlatforms) = preSolution
		Debug|Any CPU = Debug|Any CPU
		Release|Any CPU = Release|Any CPU
	EndGlobalSection
	GlobalSection(ProjectConfigurationPlatforms) = postSolution
		{03F620FB-87C8-6D8F-7918-211E32373E45}.Debug|Any CPU.ActiveCfg = Debug|Any CPU
		{03F620FB-87C8-6D8F-7918-211E32373E45}.Debug|Any CPU.Build.0 = Debug|Any CPU
		{03F620FB-87C8-6D8F-7918-211E32373E45}.Release|Any CPU.ActiveCfg = Release|Any CPU
		{03F620FB-87C8-6D8F-7918-211E32373E45}.Release|Any CPU.Build.0 = Release|Any CPU
		{743E6EB4-DC4F-19FA-EF7E-B2536A087510}.Debug|Any CPU.ActiveCfg = Debug|Any CPU
		{743E6EB4-DC4F-19FA-EF7E-B2536A087510}.Debug|Any CPU.Build.0 = Debug|Any CPU
		{743E6EB4-DC4F-19FA-EF7E-B2536A087510}.Release|Any CPU.ActiveCfg = Release|Any CPU
		{743E6EB4-DC4F-19FA-EF7E-B2536A087510}.Release|Any CPU.Build.0 = Release|Any CPU
	EndGlobalSection
	GlobalSection(SolutionProperties) = preSolution
		HideSolutionNode = FALSE
	EndGlobalSection
EndGlobal
